
Microsoft Visual Studio Solution File, Format Version 12.00
# Visual Studio Version 16
VisualStudioVersion = 16.0.31112.23
MinimumVisualStudioVersion = 10.0.40219.1
Project("{FAE04EC0-301F-11D3-BF4B-00C04F79EFBC}") = "EliteTimeSheetMobile.Android", "EliteTimeSheetMobile.Android\EliteTimeSheetMobile.Android.csproj", "{42AB7A28-BD87-409D-B77B-80A36D3C4280}"
EndProject
Project("{FAE04EC0-301F-11D3-BF4B-00C04F79EFBC}") = "EliteTimeSheetMobile.iOS", "EliteTimeSheetMobile.iOS\EliteTimeSheetMobile.iOS.csproj", "{7C41D2B1-AFF1-4E63-B90C-A7D6F342140B}"
EndProject
Project("{FAE04EC0-301F-11D3-BF4B-00C04F79EFBC}") = "EliteTimeSheetMobile", "EliteTimeSheetMobile\EliteTimeSheetMobile.csproj", "{BE3ED376-78AA-4D1A-9403-03B567DCF08C}"
EndProject
Global
	GlobalSection(SolutionConfigurationPlatforms) = preSolution
		Debug|Any CPU = Debug|Any CPU
		Debug|iPhone = Debug|iPhone
		Debug|iPhoneSimulator = Debug|iPhoneSimulator
		Release|Any CPU = Release|Any CPU
		Release|iPhone = Release|iPhone
		Release|iPhoneSimulator = Release|iPhoneSimulator
	EndGlobalSection
	GlobalSection(ProjectConfigurationPlatforms) = postSolution
		{42AB7A28-BD87-409D-B77B-80A36D3C4280}.Debug|Any CPU.ActiveCfg = Debug|Any CPU
		{42AB7A28-BD87-409D-B77B-80A36D3C4280}.Debug|Any CPU.Build.0 = Debug|Any CPU
		{42AB7A28-BD87-409D-B77B-80A36D3C4280}.Debug|Any CPU.Deploy.0 = Debug|Any CPU
		{42AB7A28-BD87-409D-B77B-80A36D3C4280}.Debug|iPhone.ActiveCfg = Debug|Any CPU
		{42AB7A28-BD87-409D-B77B-80A36D3C4280}.Debug|iPhone.Build.0 = Debug|Any CPU
		{42AB7A28-BD87-409D-B77B-80A36D3C4280}.Debug|iPhone.Deploy.0 = Debug|Any CPU
		{42AB7A28-BD87-409D-B77B-80A36D3C4280}.Debug|iPhoneSimulator.ActiveCfg = Debug|Any CPU
		{42AB7A28-BD87-409D-B77B-80A36D3C4280}.Debug|iPhoneSimulator.Build.0 = Debug|Any CPU
		{42AB7A28-BD87-409D-B77B-80A36D3C4280}.Debug|iPhoneSimulator.Deploy.0 = Debug|Any CPU
		{42AB7A28-BD87-409D-B77B-80A36D3C4280}.Release|Any CPU.ActiveCfg = Release|Any CPU
		{42AB7A28-BD87-409D-B77B-80A36D3C4280}.Release|Any CPU.Build.0 = Release|Any CPU
		{42AB7A28-BD87-409D-B77B-80A36D3C4280}.Release|Any CPU.Deploy.0 = Release|Any CPU
		{42AB7A28-BD87-409D-B77B-80A36D3C4280}.Release|iPhone.ActiveCfg = Release|Any CPU
		{42AB7A28-BD87-409D-B77B-80A36D3C4280}.Release|iPhone.Build.0 = Release|Any CPU
		{42AB7A28-BD87-409D-B77B-80A36D3C4280}.Release|iPhone.Deploy.0 = Release|Any CPU
		{42AB7A28-BD87-409D-B77B-80A36D3C4280}.Release|iPhoneSimulator.ActiveCfg = Release|Any CPU
		{42AB7A28-BD87-409D-B77B-80A36D3C4280}.Release|iPhoneSimulator.Build.0 = Release|Any CPU
		{42AB7A28-BD87-409D-B77B-80A36D3C4280}.Release|iPhoneSimulator.Deploy.0 = Release|Any CPU
		{7C41D2B1-AFF1-4E63-B90C-A7D6F342140B}.Debug|Any CPU.ActiveCfg = Debug|iPhone
		{7C41D2B1-AFF1-4E63-B90C-A7D6F342140B}.Debug|Any CPU.Build.0 = Debug|iPhone
		{7C41D2B1-AFF1-4E63-B90C-A7D6F342140B}.Debug|Any CPU.Deploy.0 = Debug|iPhone
		{7C41D2B1-AFF1-4E63-B90C-A7D6F342140B}.Debug|iPhone.ActiveCfg = Debug|iPhone
		{7C41D2B1-AFF1-4E63-B90C-A7D6F342140B}.Debug|iPhone.Build.0 = Debug|iPhone
		{7C41D2B1-AFF1-4E63-B90C-A7D6F342140B}.Debug|iPhone.Deploy.0 = Debug|iPhone
		{7C41D2B1-AFF1-4E63-B90C-A7D6F342140B}.Debug|iPhoneSimulator.ActiveCfg = Debug|iPhoneSimulator
		{7C41D2B1-AFF1-4E63-B90C-A7D6F342140B}.Debug|iPhoneSimulator.Build.0 = Debug|iPhoneSimulator
		{7C41D2B1-AFF1-4E63-B90C-A7D6F342140B}.Debug|iPhoneSimulator.Deploy.0 = Debug|iPhoneSimulator
		{7C41D2B1-AFF1-4E63-B90C-A7D6F342140B}.Release|Any CPU.ActiveCfg = Release|iPhoneSimulator
		{7C41D2B1-AFF1-4E63-B90C-A7D6F342140B}.Release|Any CPU.Build.0 = Release|iPhoneSimulator
		{7C41D2B1-AFF1-4E63-B90C-A7D6F342140B}.Release|Any CPU.Deploy.0 = Release|iPhoneSimulator
		{7C41D2B1-AFF1-4E63-B90C-A7D6F342140B}.Release|iPhone.ActiveCfg = Release|iPhone
		{7C41D2B1-AFF1-4E63-B90C-A7D6F342140B}.Release|iPhone.Build.0 = Release|iPhone
		{7C41D2B1-AFF1-4E63-B90C-A7D6F342140B}.Release|iPhone.Deploy.0 = Release|iPhone
		{7C41D2B1-AFF1-4E63-B90C-A7D6F342140B}.Release|iPhoneSimulator.ActiveCfg = Release|iPhoneSimulator
		{7C41D2B1-AFF1-4E63-B90C-A7D6F342140B}.Release|iPhoneSimulator.Build.0 = Release|iPhoneSimulator
		{7C41D2B1-AFF1-4E63-B90C-A7D6F342140B}.Release|iPhoneSimulator.Deploy.0 = Release|iPhoneSimulator
		{BE3ED376-78AA-4D1A-9403-03B567DCF08C}.Debug|Any CPU.ActiveCfg = Debug|Any CPU
		{BE3ED376-78AA-4D1A-9403-03B567DCF08C}.Debug|Any CPU.Build.0 = Debug|Any CPU
		{BE3ED376-78AA-4D1A-9403-03B567DCF08C}.Debug|Any CPU.Deploy.0 = Debug|Any CPU
		{BE3ED376-78AA-4D1A-9403-03B567DCF08C}.Debug|iPhone.ActiveCfg = Debug|Any CPU
		{BE3ED376-78AA-4D1A-9403-03B567DCF08C}.Debug|iPhone.Build.0 = Debug|Any CPU
		{BE3ED376-78AA-4D1A-9403-03B567DCF08C}.Debug|iPhone.Deploy.0 = Debug|Any CPU
		{BE3ED376-78AA-4D1A-9403-03B567DCF08C}.Debug|iPhoneSimulator.ActiveCfg = Debug|Any CPU
		{BE3ED376-78AA-4D1A-9403-03B567DCF08C}.Debug|iPhoneSimulator.Build.0 = Debug|Any CPU
		{BE3ED376-78AA-4D1A-9403-03B567DCF08C}.Debug|iPhoneSimulator.Deploy.0 = Debug|Any CPU
		{BE3ED376-78AA-4D1A-9403-03B567DCF08C}.Release|Any CPU.ActiveCfg = Release|Any CPU
		{BE3ED376-78AA-4D1A-9403-03B567DCF08C}.Release|Any CPU.Build.0 = Release|Any CPU
		{BE3ED376-78AA-4D1A-9403-03B567DCF08C}.Release|Any CPU.Deploy.0 = Release|Any CPU
		{BE3ED376-78AA-4D1A-9403-03B567DCF08C}.Release|iPhone.ActiveCfg = Release|Any CPU
		{BE3ED376-78AA-4D1A-9403-03B567DCF08C}.Release|iPhone.Build.0 = Release|Any CPU
		{BE3ED376-78AA-4D1A-9403-03B567DCF08C}.Release|iPhone.Deploy.0 = Release|Any CPU
		{BE3ED376-78AA-4D1A-9403-03B567DCF08C}.Release|iPhoneSimulator.ActiveCfg = Release|Any CPU
		{BE3ED376-78AA-4D1A-9403-03B567DCF08C}.Release|iPhoneSimulator.Build.0 = Release|Any CPU
		{BE3ED376-78AA-4D1A-9403-03B567DCF08C}.Release|iPhoneSimulator.Deploy.0 = Release|Any CPU
	EndGlobalSection
	GlobalSection(SolutionProperties) = preSolution
		HideSolutionNode = FALSE
	EndGlobalSection
	GlobalSection(ExtensibilityGlobals) = postSolution
		SolutionGuid = {90FE87D6-58BA-494E-ABB1-AFC9E96EB4EF}
	EndGlobalSection
EndGlobal
